github.com/kewcapital/wfs v0.0.0-20210618090519-0adf821010ae h1:coVtkzeT/1kovGFRbx8cZ3JAm8ngt5Rfy21dMHJ2yCM=
github.com/kewcapital/wfs v0.0.0-20210618090519-0adf821010ae/go.mod h1:w2NKzLvzyUmh7k5aP+ObzbWAq/TT4N35uqk9G3xRlsk=
github.com/kewcapital/wfs v0.0.0-20210618100526-d791c5eacb44 h1:REOT53Z+ECpB1okgfGpixgvqvyWxbVYXHlm4a9T2Nww=
github.com/kewcapital/wfs v0.0.0-20210618100526-d791c5eacb44/go.mod h1:w2NKzLvzyUmh7k5aP+ObzbWAq/TT4N35uqk9G3xRlsk=
